{
  "name": "wizemen-qotd",
  "version": "1.0.0",
  "lockfileVersion": 2,
  "requires": true,
  "packages": {
    "": {
      "name": "wizemen-qotd",
      "version": "1.0.0",
      "license": "MIT",
      "dependencies": {
        "axios": "^0.26.0",
        "dotenv": "^16.0.0",
        "html-entities": "^2.3.2",
        "tesseract.js": "^2.1.5"
      }
    },
    "node_modules/axios": {
      "version": "0.26.0",
      "license": "MIT",
      "dependencies": {
        "follow-redirects": "^1.14.8"
      }
    },
    "node_modules/balanced-match": {
      "version": "1.0.2",
      "license": "MIT"
    },
    "node_modules/blueimp-load-image": {
      "version": "3.0.0",
      "license": "MIT"
    },
    "node_modules/bmp-js": {
      "version": "0.1.0",
      "license": "MIT"
    },
    "node_modules/brace-expansion": {
      "version": "1.1.11",
      "license": "MIT",
      "dependencies": {
        "balanced-match": "^1.0.0",
        "concat-map": "0.0.1"
      }
    },
    "node_modules/colors": {
      "version": "1.4.0",
      "license": "MIT",
      "engines": {
        "node": ">=0.1.90"
      }
    },
    "node_modules/concat-map": {
      "version": "0.0.1",
      "license": "MIT"
    },
    "node_modules/dotenv": {
      "version": "16.0.0",
      "license": "BSD-2-Clause",
      "engines": {
        "node": ">=12"
      }
    },
    "node_modules/file-type": {
      "version": "12.4.2",
      "license": "MIT",
      "engines": {
        "node": ">=8"
      }
    },
    "node_modules/follow-redirects": {
      "version": "1.14.8",
      "funding": [
        {
          "type": "individual",
          "url": "https://github.com/sponsors/RubenVerborgh"
        }
      ],
      "license": "MIT",
      "engines": {
        "node": ">=4.0"
      },
      "peerDependenciesMeta": {
        "debug": {
          "optional": true
        }
      }
    },
    "node_modules/fs.realpath": {
      "version": "1.0.0",
      "license": "ISC"
    },
    "node_modules/glob": {
      "version": "7.2.0",
      "license": "ISC",
      "dependencies": {
        "fs.realpath": "^1.0.0",
        "inflight": "^1.0.4",
        "inherits": "2",
        "minimatch": "^3.0.4",
        "once": "^1.3.0",
        "path-is-absolute": "^1.0.0"
      },
      "engines": {
        "node": "*"
      },
      "funding": {
        "url": "https://github.com/sponsors/isaacs"
      }
    },
    "node_modules/html-entities": {
      "version": "2.3.2",
      "license": "MIT"
    },
    "node_modules/idb-keyval": {
      "version": "3.2.0",
      "license": "Apache-2.0"
    },
    "node_modules/inflight": {
      "version": "1.0.6",
      "license": "ISC",
      "dependencies": {
        "once": "^1.3.0",
        "wrappy": "1"
      }
    },
    "node_modules/inherits": {
      "version": "2.0.4",
      "license": "ISC"
    },
    "node_modules/is-electron": {
      "version": "2.2.1",
      "license": "MIT"
    },
    "node_modules/is-url": {
      "version": "1.2.4",
      "license": "MIT"
    },
    "node_modules/jpeg-autorotate": {
      "version": "7.1.1",
      "license": "MIT",
      "dependencies": {
        "colors": "^1.4.0",
        "glob": "^7.1.6",
        "jpeg-js": "^0.4.2",
        "piexifjs": "^1.0.6",
        "yargs-parser": "^20.2.1"
      },
      "bin": {
        "jpeg-autorotate": "src/cli.js"
      },
      "engines": {
        "node": ">=10"
      }
    },
    "node_modules/jpeg-js": {
      "version": "0.4.3",
      "license": "BSD-3-Clause"
    },
    "node_modules/minimatch": {
      "version": "3.1.2",
      "license": "ISC",
      "dependencies": {
        "brace-expansion": "^1.1.7"
      },
      "engines": {
        "node": "*"
      }
    },
    "node_modules/node-fetch": {
      "version": "2.6.7",
      "license": "MIT",
      "dependencies": {
        "whatwg-url": "^5.0.0"
      },
      "engines": {
        "node": "4.x || >=6.0.0"
      },
      "peerDependencies": {
        "encoding": "^0.1.0"
      },
      "peerDependenciesMeta": {
        "encoding": {
          "optional": true
        }
      }
    },
    "node_modules/once": {
      "version": "1.4.0",
      "license": "ISC",
      "dependencies": {
        "wrappy": "1"
      }
    },
    "node_modules/opencollective-postinstall": {
      "version": "2.0.3",
      "license": "MIT",
      "bin": {
        "opencollective-postinstall": "index.js"
      }
    },
    "node_modules/path-is-absolute": {
      "version": "1.0.1",
      "license": "MIT",
      "engines": {
        "node": ">=0.10.0"
      }
    },
    "node_modules/piexifjs": {
      "version": "1.0.6",
      "license": "MIT"
    },
    "node_modules/regenerator-runtime": {
      "version": "0.13.9",
      "license": "MIT"
    },
    "node_modules/resolve-url": {
      "version": "0.2.1",
      "license": "MIT"
    },
    "node_modules/tesseract.js": {
      "version": "2.1.5",
      "hasInstallScript": true,
      "license": "Apache-2.0",
      "dependencies": {
        "blueimp-load-image": "^3.0.0",
        "bmp-js": "^0.1.0",
        "file-type": "^12.4.1",
        "idb-keyval": "^3.2.0",
        "is-electron": "^2.2.0",
        "is-url": "^1.2.4",
        "jpeg-autorotate": "^7.1.1",
        "node-fetch": "^2.6.0",
        "opencollective-postinstall": "^2.0.2",
        "regenerator-runtime": "^0.13.3",
        "resolve-url": "^0.2.1",
        "tesseract.js-core": "^2.2.0",
        "zlibjs": "^0.3.1"
      }
    },
    "node_modules/tesseract.js-core": {
      "version": "2.2.0",
      "license": "Apache License 2.0"
    },
    "node_modules/tr46": {
      "version": "0.0.3",
      "license": "MIT"
    },
    "node_modules/webidl-conversions": {
      "version": "3.0.1",
      "license": "BSD-2-Clause"
    },
    "node_modules/whatwg-url": {
      "version": "5.0.0",
      "license": "MIT",
      "dependencies": {
        "tr46": "~0.0.3",
        "webidl-conversions": "^3.0.0"
      }
    },
    "node_modules/wrappy": {
      "version": "1.0.2",
      "license": "ISC"
    },
    "node_modules/yargs-parser": {
      "version": "20.2.9",
      "license": "ISC",
      "engines": {
        "node": ">=10"
      }
    },
    "node_modules/zlibjs": {
      "version": "0.3.1",
      "license": "MIT",
      "engines": {
        "node": "*"
      }
    }
  },
  "dependencies": {
    "axios": {
      "version": "0.26.0",
      "requires": {
        "follow-redirects": "^1.14.8"
      }
    },
    "balanced-match": {
      "version": "1.0.2"
    },
    "blueimp-load-image": {
      "version": "3.0.0"
    },
    "bmp-js": {
      "version": "0.1.0"
    },
    "brace-expansion": {
      "version": "1.1.11",
      "requires": {
        "balanced-match": "^1.0.0",
        "concat-map": "0.0.1"
      }
    },
    "colors": {
      "version": "1.4.0"
    },
    "concat-map": {
      "version": "0.0.1"
    },
    "dotenv": {
      "version": "16.0.0"
    },
    "file-type": {
      "version": "12.4.2"
    },
    "follow-redirects": {
      "version": "1.14.8"
    },
    "fs.realpath": {
      "version": "1.0.0"
    },
    "glob": {
      "version": "7.2.0",
      "requires": {
        "fs.realpath": "^1.0.0",
        "inflight": "^1.0.4",
        "inherits": "2",
        "minimatch": "^3.0.4",
        "once": "^1.3.0",
        "path-is-absolute": "^1.0.0"
      }
    },
    "html-entities": {
      "version": "2.3.2"
    },
    "idb-keyval": {
      "version": "3.2.0"
    },
    "inflight": {
      "version": "1.0.6",
      "requires": {
        "once": "^1.3.0",
        "wrappy": "1"
      }
    },
    "inherits": {
      "version": "2.0.4"
    },
    "is-electron": {
      "version": "2.2.1"
    },
    "is-url": {
      "version": "1.2.4"
    },
    "jpeg-autorotate": {
      "version": "7.1.1",
      "requires": {
        "colors": "^1.4.0",
        "glob": "^7.1.6",
        "jpeg-js": "^0.4.2",
        "piexifjs": "^1.0.6",
        "yargs-parser": "^20.2.1"
      }
    },
    "jpeg-js": {
      "version": "0.4.3"
    },
    "minimatch": {
      "version": "3.1.2",
      "requires": {
        "brace-expansion": "^1.1.7"
      }
    },
    "node-fetch": {
      "version": "2.6.7",
      "requires": {
        "whatwg-url": "^5.0.0"
      }
    },
    "once": {
      "version": "1.4.0",
      "requires": {
        "wrappy": "1"
      }
    },
    "opencollective-postinstall": {
      "version": "2.0.3"
    },
    "path-is-absolute": {
      "version": "1.0.1"
    },
    "piexifjs": {
      "version": "1.0.6"
    },
    "regenerator-runtime": {
      "version": "0.13.9"
    },
    "resolve-url": {
      "version": "0.2.1"
    },
    "tesseract.js": {
      "version": "2.1.5",
      "requires": {
        "blueimp-load-image": "^3.0.0",
        "bmp-js": "^0.1.0",
        "file-type": "^12.4.1",
        "idb-keyval": "^3.2.0",
        "is-electron": "^2.2.0",
        "is-url": "^1.2.4",
        "jpeg-autorotate": "^7.1.1",
        "node-fetch": "^2.6.0",
        "opencollective-postinstall": "^2.0.2",
        "regenerator-runtime": "^0.13.3",
        "resolve-url": "^0.2.1",
        "tesseract.js-core": "^2.2.0",
        "zlibjs": "^0.3.1"
      }
    },
    "tesseract.js-core": {
      "version": "2.2.0"
    },
    "tr46": {
      "version": "0.0.3"
    },
    "webidl-conversions": {
      "version": "3.0.1"
    },
    "whatwg-url": {
      "version": "5.0.0",
      "requires": {
        "tr46": "~0.0.3",
        "webidl-conversions": "^3.0.0"
      }
    },
    "wrappy": {
      "version": "1.0.2"
    },
    "yargs-parser": {
      "version": "20.2.9"
    },
    "zlibjs": {
      "version": "0.3.1"
    }
  }
}
